// !$*UTF8*$!
{
	archiveVersion = 1;
	classes = {
	};
	objectVersion = 46;
	objects = {

/* Begin PBXBuildFile section */
		922F8B191DF8F98900AF0552 /* FilledPageControl.swift in Sources */ = {isa = PBXBuildFile; fileRef = 922F8B181DF8F98900AF0552 /* FilledPageControl.swift */; };
		922F8B1B1DF8F9A900AF0552 /* CustomPageControl.swift in Sources */ = {isa = PBXBuildFile; fileRef = 922F8B1A1DF8F9A900AF0552 /* CustomPageControl.swift */; };
		92836A5C1DF5BCA20040B90F /* AppDelegate.swift in Sources */ = {isa = PBXBuildFile; fileRef = 92836A5B1DF5BCA20040B90F /* AppDelegate.swift */; };
		92836A5E1DF5BCA20040B90F /* ViewController.swift in Sources */ = {isa = PBXBuildFile; fileRef = 92836A5D1DF5BCA20040B90F /* ViewController.swift */; };
		92836A611DF5BCA20040B90F /* Main.storyboard in Resources */ = {isa = PBXBuildFile; fileRef = 92836A5F1DF5BCA20040B90F /* Main.storyboard */; };
		92836A631DF5BCA20040B90F /* Assets.xcassets in Resources */ = {isa = PBXBuildFile; fileRef = 92836A621DF5BCA20040B90F /* Assets.xcassets */; };
		92836A661DF5BCA20040B90F /* LaunchScreen.storyboard in Resources */ = {isa = PBXBuildFile; fileRef = 92836A641DF5BCA20040B90F /* LaunchScreen.storyboard */; };
		92836A6F1DF5BD0A0040B90F /* BumbleImageHolderView.swift in Sources */ = {isa = PBXBuildFile; fileRef = 92836A6E1DF5BD0A0040B90F /* BumbleImageHolderView.swift */; };
		92836A711DF5BFA10040B90F /* VerticalSlideShowView.swift in Sources */ = {isa = PBXBuildFile; fileRef = 92836A701DF5BFA10040B90F /* VerticalSlideShowView.swift */; };
		92836A731DF5F2B30040B90F /* BumbleScrollView.swift in Sources */ = {isa = PBXBuildFile; fileRef = 92836A721DF5F2B30040B90F /* BumbleScrollView.swift */; };
		92836A751DF611C60040B90F /* CardDetailView.swift in Sources */ = {isa = PBXBuildFile; fileRef = 92836A741DF611C60040B90F /* CardDetailView.swift */; };
		92836A781DF65D660040B90F /* CardDetailBackgroundHolderView.swift in Sources */ = {isa = PBXBuildFile; fileRef = 92836A771DF65D660040B90F /* CardDetailBackgroundHolderView.swift */; };
		92836A7A1DF65E6F0040B90F /* CardPanGestureRecognizer.swift in Sources */ = {isa = PBXBuildFile; fileRef = 92836A791DF65E6F0040B90F /* CardPanGestureRecognizer.swift */; };
		E629FC2CB9B16D577522718A /* Pods_BumbleTesting.framework in Frameworks */ = {isa = PBXBuildFile; fileRef = BF1D3EB23D9CD9298518296F /* Pods_BumbleTesting.framework */; };
/* End PBXBuildFile section */

/* Begin PBXFileReference section */
		922F8B181DF8F98900AF0552 /* FilledPageControl.swift */ = {isa = PBXFileReference; fileEncoding = 4; lastKnownFileType = sourcecode.swift; path = FilledPageControl.swift; sourceTree = "<group>"; };
		922F8B1A1DF8F9A900AF0552 /* CustomPageControl.swift */ = {isa = PBXFileReference; fileEncoding = 4; lastKnownFileType = sourcecode.swift; path = CustomPageControl.swift; sourceTree = "<group>"; };
		92836A581DF5BCA20040B90F /* BumbleTesting.app */ = {isa = PBXFileReference; explicitFileType = wrapper.application; includeInIndex = 0; path = BumbleTesting.app; sourceTree = BUILT_PRODUCTS_DIR; };
		92836A5B1DF5BCA20040B90F /* AppDelegate.swift */ = {isa = PBXFileReference; lastKnownFileType = sourcecode.swift; path = AppDelegate.swift; sourceTree = "<group>"; };
		92836A5D1DF5BCA20040B90F /* ViewController.swift */ = {isa = PBXFileReference; lastKnownFileType = sourcecode.swift; path = ViewController.swift; sourceTree = "<group>"; };
		92836A601DF5BCA20040B90F /* Base */ = {isa = PBXFileReference; lastKnownFileType = file.storyboard; name = Base; path = Base.lproj/Main.storyboard; sourceTree = "<group>"; };
		92836A621DF5BCA20040B90F /* Assets.xcassets */ = {isa = PBXFileReference; lastKnownFileType = folder.assetcatalog; path = Assets.xcassets; sourceTree = "<group>"; };
		92836A651DF5BCA20040B90F /* Base */ = {isa = PBXFileReference; lastKnownFileType = file.storyboard; name = Base; path = Base.lproj/LaunchScreen.storyboard; sourceTree = "<group>"; };
		92836A671DF5BCA20040B90F /* Info.plist */ = {isa = PBXFileReference; lastKnownFileType = text.plist.xml; path = Info.plist; sourceTree = "<group>"; };
		92836A6E1DF5BD0A0040B90F /* BumbleImageHolderView.swift */ = {isa = PBXFileReference; fileEncoding = 4; lastKnownFileType = sourcecode.swift; path = BumbleImageHolderView.swift; sourceTree = "<group>"; };
		92836A701DF5BFA10040B90F /* VerticalSlideShowView.swift */ = {isa = PBXFileReference; fileEncoding = 4; lastKnownFileType = sourcecode.swift; path = VerticalSlideShowView.swift; sourceTree = "<group>"; };
		92836A721DF5F2B30040B90F /* BumbleScrollView.swift */ = {isa = PBXFileReference; fileEncoding = 4; lastKnownFileType = sourcecode.swift; path = BumbleScrollView.swift; sourceTree = "<group>"; };
		92836A741DF611C60040B90F /* CardDetailView.swift */ = {isa = PBXFileReference; fileEncoding = 4; lastKnownFileType = sourcecode.swift; path = CardDetailView.swift; sourceTree = "<group>"; };
		92836A771DF65D660040B90F /* CardDetailBackgroundHolderView.swift */ = {isa = PBXFileReference; fileEncoding = 4; lastKnownFileType = sourcecode.swift; path = CardDetailBackgroundHolderView.swift; sourceTree = "<group>"; };
		92836A791DF65E6F0040B90F /* CardPanGestureRecognizer.swift */ = {isa = PBXFileReference; fileEncoding = 4; lastKnownFileType = sourcecode.swift; path = CardPanGestureRecognizer.swift; sourceTree = "<group>"; };
		93C074BC1EB8AD2A6BC4DAE3 /* Pods-BumbleTesting.debug.xcconfig */ = {isa = PBXFileReference; includeInIndex = 1; lastKnownFileType = text.xcconfig; name = "Pods-BumbleTesting.debug.xcconfig"; path = "Pods/Target Support Files/Pods-BumbleTesting/Pods-BumbleTesting.debug.xcconfig"; sourceTree = "<group>"; };
		BF1D3EB23D9CD9298518296F /* Pods_BumbleTesting.framework */ = {isa = PBXFileReference; explicitFileType = wrapper.framework; includeInIndex = 0; path = Pods_BumbleTesting.framework; sourceTree = BUILT_PRODUCTS_DIR; };
		C0212F2D5C73850721D35C32 /* Pods-BumbleTesting.release.xcconfig */ = {isa = PBXFileReference; includeInIndex = 1; lastKnownFileType = text.xcconfig; name = "Pods-BumbleTesting.release.xcconfig"; path = "Pods/Target Support Files/Pods-BumbleTesting/Pods-BumbleTesting.release.xcconfig"; sourceTree = "<group>"; };
/* End PBXFileReference section */

/* Begin PBXFrameworksBuildPhase section */
		92836A551DF5BCA20040B90F /* Frameworks */ = {
			isa = PBXFrameworksBuildPhase;
			buildActionMask = 2147483647;
			files = (
				E629FC2CB9B16D577522718A /* Pods_BumbleTesting.framework in Frameworks */,
			);
			runOnlyForDeploymentPostprocessing = 0;
		};
/* End PBXFrameworksBuildPhase section */

/* Begin PBXGroup section */
		922F8B1E1DF9016600AF0552 /* Page Control */ = {
			isa = PBXGroup;
			children = (
				922F8B1A1DF8F9A900AF0552 /* CustomPageControl.swift */,
				922F8B181DF8F98900AF0552 /* FilledPageControl.swift */,
			);
			name = "Page Control";
			sourceTree = "<group>";
		};
		92836A4F1DF5BCA10040B90F = {
			isa = PBXGroup;
			children = (
				92836A5A1DF5BCA20040B90F /* BumbleTesting */,
				92836A591DF5BCA20040B90F /* Products */,
				F4C398796FA85DEE5FB1A8CC /* Pods */,
				C0D6DC4F6DD131A391EAFA56 /* Frameworks */,
			);
			sourceTree = "<group>";
		};
		92836A591DF5BCA20040B90F /* Products */ = {
			isa = PBXGroup;
			children = (
				92836A581DF5BCA20040B90F /* BumbleTesting.app */,
			);
			name = Products;
			sourceTree = "<group>";
		};
		92836A5A1DF5BCA20040B90F /* BumbleTesting */ = {
			isa = PBXGroup;
			children = (
				92836A6D1DF5BCDD0040B90F /* Views */,
				92836A5B1DF5BCA20040B90F /* AppDelegate.swift */,
				92836A5D1DF5BCA20040B90F /* ViewController.swift */,
				92836A5F1DF5BCA20040B90F /* Main.storyboard */,
				92836A621DF5BCA20040B90F /* Assets.xcassets */,
				92836A641DF5BCA20040B90F /* LaunchScreen.storyboard */,
				92836A671DF5BCA20040B90F /* Info.plist */,
			);
			path = BumbleTesting;
			sourceTree = "<group>";
		};
		92836A6D1DF5BCDD0040B90F /* Views */ = {
			isa = PBXGroup;
			children = (
				92836A761DF6595C0040B90F /* Card Detail */,
				92836A6E1DF5BD0A0040B90F /* BumbleImageHolderView.swift */,
				92836A701DF5BFA10040B90F /* VerticalSlideShowView.swift */,
				92836A721DF5F2B30040B90F /* BumbleScrollView.swift */,
			);
			name = Views;
			sourceTree = "<group>";
		};
		92836A761DF6595C0040B90F /* Card Detail */ = {
			isa = PBXGroup;
			children = (
				922F8B1E1DF9016600AF0552 /* Page Control */,
				92836A741DF611C60040B90F /* CardDetailView.swift */,
				92836A771DF65D660040B90F /* CardDetailBackgroundHolderView.swift */,
				92836A791DF65E6F0040B90F /* CardPanGestureRecognizer.swift */,
			);
			name = "Card Detail";
			sourceTree = "<group>";
		};
		C0D6DC4F6DD131A391EAFA56 /* Frameworks */ = {
			isa = PBXGroup;
			children = (
				BF1D3EB23D9CD9298518296F /* Pods_BumbleTesting.framework */,
			);
			name = Frameworks;
			sourceTree = "<group>";
		};
		F4C398796FA85DEE5FB1A8CC /* Pods */ = {
			isa = PBXGroup;
			children = (
				93C074BC1EB8AD2A6BC4DAE3 /* Pods-BumbleTesting.debug.xcconfig */,
				C0212F2D5C73850721D35C32 /* Pods-BumbleTesting.release.xcconfig */,
			);
			name = Pods;
			sourceTree = "<group>";
		};
/* End PBXGroup section */

/* Begin PBXNativeTarget section */
		92836A571DF5BCA20040B90F /* BumbleTesting */ = {
			isa = PBXNativeTarget;
			buildConfigurationList = 92836A6A1DF5BCA20040B90F /* Build configuration list for PBXNativeTarget "BumbleTesting" */;
			buildPhases = (
				827FE7CC228DFBD2F9667468 /* [CP] Check Pods Manifest.lock */,
				92836A541DF5BCA20040B90F /* Sources */,
				92836A551DF5BCA20040B90F /* Frameworks */,
				92836A561DF5BCA20040B90F /* Resources */,
				466A517C6B489A56DFF7B047 /* [CP] Embed Pods Frameworks */,
				C44155A744F210AEE95C1450 /* [CP] Copy Pods Resources */,
			);
			buildRules = (
			);
			dependencies = (
			);
			name = BumbleTesting;
			productName = BumbleTesting;
			productReference = 92836A581DF5BCA20040B90F /* BumbleTesting.app */;
			productType = "com.apple.product-type.application";
		};
/* End PBXNativeTarget section */

/* Begin PBXProject section */
		92836A501DF5BCA10040B90F /* Project object */ = {
			isa = PBXProject;
			attributes = {
				LastSwiftUpdateCheck = 0810;
				LastUpgradeCheck = 0810;
				ORGANIZATIONNAME = "Daniel Jones";
				TargetAttributes = {
					92836A571DF5BCA20040B90F = {
						CreatedOnToolsVersion = 8.1;
						DevelopmentTeam = 3L37GT3T8D;
						ProvisioningStyle = Automatic;
					};
				};
			};
			buildConfigurationList = 92836A531DF5BCA10040B90F /* Build configuration list for PBXProject "BumbleTesting" */;
			compatibilityVersion = "Xcode 3.2";
			developmentRegion = English;
			hasScannedForEncodings = 0;
			knownRegions = (
				en,
				Base,
			);
			mainGroup = 92836A4F1DF5BCA10040B90F;
			productRefGroup = 92836A591DF5BCA20040B90F /* Products */;
			projectDirPath = "";
			projectRoot = "";
			targets = (
				92836A571DF5BCA20040B90F /* BumbleTesting */,
			);
		};
/* End PBXProject section */

/* Begin PBXResourcesBuildPhase section */
		92836A561DF5BCA20040B90F /* Resources */ = {
			isa = PBXResourcesBuildPhase;
			buildActionMask = 2147483647;
			files = (
				92836A661DF5BCA20040B90F /* LaunchScreen.storyboard in Resources */,
				92836A631DF5BCA20040B90F /* Assets.xcassets in Resources */,
				92836A611DF5BCA20040B90F /* Main.storyboard in Resources */,
			);
			runOnlyForDeploymentPostprocessing = 0;
		};
/* End PBXResourcesBuildPhase section */

/* Begin PBXShellScriptBuildPhase section */
		466A517C6B489A56DFF7B047 /* [CP] Embed Pods Frameworks */ = {
			isa = PBXShellScriptBuildPhase;
			buildActionMask = 2147483647;
			files = (
			);
			inputPaths = (
			);
			name = "[CP] Embed Pods Frameworks";
			outputPaths = (
			);
			runOnlyForDeploymentPostprocessing = 0;
			shellPath = /bin/sh;
			shellScript = "\"${SRCROOT}/Pods/Target Support Files/Pods-BumbleTesting/Pods-BumbleTesting-frameworks.sh\"\n";
			showEnvVarsInLog = 0;
		};
		827FE7CC228DFBD2F9667468 /* [CP] Check Pods Manifest.lock */ = {
			isa = PBXShellScriptBuildPhase;
			buildActionMask = 2147483647;
			files = (
			);
			inputPaths = (
			);
			name = "[CP] Check Pods Manifest.lock";
			outputPaths = (
			);
			runOnlyForDeploymentPostprocessing = 0;
			shellPath = /bin/sh;
			shellScript = "diff \"${PODS_ROOT}/../Podfile.lock\" \"${PODS_ROOT}/Manifest.lock\" > /dev/null\nif [ $? != 0 ] ; then\n    # print error to STDERR\n    echo \"error: The sandbox is not in sync with the Podfile.lock. Run 'pod install' or update your CocoaPods installation.\" >&2\n    exit 1\nfi\n";
			showEnvVarsInLog = 0;
		};
		C44155A744F210AEE95C1450 /* [CP] Copy Pods Resources */ = {
			isa = PBXShellScriptBuildPhase;
			buildActionMask = 2147483647;
			files = (
			);
			inputPaths = (
			);
			name = "[CP] Copy Pods Resources";
			outputPaths = (
			);
			runOnlyForDeploymentPostprocessing = 0;
			shellPath = /bin/sh;
			shellScript = "\"${SRCROOT}/Pods/Target Support Files/Pods-BumbleTesting/Pods-BumbleTesting-resources.sh\"\n";
			showEnvVarsInLog = 0;
		};
/* End PBXShellScriptBuildPhase section */

/* Begin PBXSourcesBuildPhase section */
		92836A541DF5BCA20040B90F /* Sources */ = {
			isa = PBXSourcesBuildPhase;
			buildActionMask = 2147483647;
			files = (
				922F8B191DF8F98900AF0552 /* FilledPageControl.swift in Sources */,
				92836A6F1DF5BD0A0040B90F /* BumbleImageHolderView.swift in Sources */,
				92836A7A1DF65E6F0040B90F /* CardPanGestureRecognizer.swift in Sources */,
				92836A781DF65D660040B90F /* CardDetailBackgroundHolderView.swift in Sources */,
				92836A731DF5F2B30040B90F /* BumbleScrollView.swift in Sources */,
				922F8B1B1DF8F9A900AF0552 /* CustomPageControl.swift in Sources */,
				92836A711DF5BFA10040B90F /* VerticalSlideShowView.swift in Sources */,
				92836A751DF611C60040B90F /* CardDetailView.swift in Sources */,
				92836A5E1DF5BCA20040B90F /* ViewController.swift in Sources */,
				92836A5C1DF5BCA20040B90F /* AppDelegate.swift in Sources */,
			);
			runOnlyForDeploymentPostprocessing = 0;
		};
/* End PBXSourcesBuildPhase section */

/* Begin PBXVariantGroup section */
		92836A5F1DF5BCA20040B90F /* Main.storyboard */ = {
			isa = PBXVariantGroup;
			children = (
				92836A601DF5BCA20040B90F /* Base */,
			);
			name = Main.storyboard;
			sourceTree = "<group>";
		};
		92836A641DF5BCA20040B90F /* LaunchScreen.storyboard */ = {
			isa = PBXVariantGroup;
			children = (
				92836A651DF5BCA20040B90F /* Base */,
			);
			name = LaunchScreen.storyboard;
			sourceTree = "<group>";
		};
/* End PBXVariantGroup section */

/* Begin XCBuildConfiguration section */
		92836A681DF5BCA20040B90F /* Debug */ = {
			isa = XCBuildConfiguration;
			buildSettings = {
				ALWAYS_SEARCH_USER_PATHS = NO;
				CLANG_ANALYZER_NONNULL = YES;
				CLANG_CXX_LANGUAGE_STANDARD = "gnu++0x";
				CLANG_CXX_LIBRARY = "libc++";
				CLANG_ENABLE_MODULES = YES;
				CLANG_ENABLE_OBJC_ARC = YES;
				CLANG_WARN_BOOL_CONVERSION = YES;
				CLANG_WARN_CONSTANT_CONVERSION = YES;
				CLANG_WARN_DIRECT_OBJC_ISA_USAGE = YES_ERROR;
				CLANG_WARN_DOCUMENTATION_COMMENTS = YES;
				CLANG_WARN_EMPTY_BODY = YES;
				CLANG_WARN_ENUM_CONVERSION = YES;
				CLANG_WARN_INFINITE_RECURSION = YES;
				CLANG_WARN_INT_CONVERSION = YES;
				CLANG_WARN_OBJC_ROOT_CLASS = YES_ERROR;
				CLANG_WARN_SUSPICIOUS_MOVE = YES;
				CLANG_WARN_SUSPICIOUS_MOVES = YES;
				CLANG_WARN_UNREACHABLE_CODE = YES;
				CLANG_WARN__DUPLICATE_METHOD_MATCH = YES;
				"CODE_SIGN_IDENTITY[sdk=iphoneos*]" = "iPhone Developer";
				COPY_PHASE_STRIP = NO;
				DEBUG_INFORMATION_FORMAT = dwarf;
				ENABLE_STRICT_OBJC_MSGSEND = YES;
				ENABLE_TESTABILITY = YES;
				GCC_C_LANGUAGE_STANDARD = gnu99;
				GCC_DYNAMIC_NO_PIC = NO;
				GCC_NO_COMMON_BLOCKS = YES;
				GCC_OPTIMIZATION_LEVEL = 0;
				GCC_PREPROCESSOR_DEFINITIONS = (
					"DEBUG=1",
					"$(inherited)",
				);
				GCC_WARN_64_TO_32_BIT_CONVERSION = YES;
				GCC_WARN_ABOUT_RETURN_TYPE = YES_ERROR;
				GCC_WARN_UNDECLARED_SELECTOR = YES;
				GCC_WARN_UNINITIALIZED_AUTOS = YES_AGGRESSIVE;
				GCC_WARN_UNUSED_FUNCTION = YES;
				GCC_WARN_UNUSED_VARIABLE = YES;
				IPHONEOS_DEPLOYMENT_TARGET = 10.1;
				MTL_ENABLE_DEBUG_INFO = YES;
				ONLY_ACTIVE_ARCH = YES;
				SDKROOT = iphoneos;
				SWIFT_ACTIVE_COMPILATION_CONDITIONS = DEBUG;
				SWIFT_OPTIMIZATION_LEVEL = "-Onone";
				TARGETED_DEVICE_FAMILY = "1,2";
			};
			name = Debug;
		};
		92836A691DF5BCA20040B90F /* Release */ = {
			isa = XCBuildConfiguration;
			buildSettings = {
				ALWAYS_SEARCH_USER_PATHS = NO;
				CLANG_ANALYZER_NONNULL = YES;
				CLANG_CXX_LANGUAGE_STANDARD = "gnu++0x";
				CLANG_CXX_LIBRARY = "libc++";
				CLANG_ENABLE_MODULES = YES;
				CLANG_ENABLE_OBJC_ARC = YES;
				CLANG_WARN_BOOL_CONVERSION = YES;
				CLANG_WARN_CONSTANT_CONVERSION = YES;
				CLANG_WARN_DIRECT_OBJC_ISA_USAGE = YES_ERROR;
				CLANG_WARN_DOCUMENTATION_COMMENTS = YES;
				CLANG_WARN_EMPTY_BODY = YES;
				CLANG_WARN_ENUM_CONVERSION = YES;
				CLANG_WARN_INFINITE_RECURSION = YES;
				CLANG_WARN_INT_CONVERSION = YES;
				CLANG_WARN_OBJC_ROOT_CLASS = YES_ERROR;
				CLANG_WARN_SUSPICIOUS_MOVE = YES;
				CLANG_WARN_SUSPICIOUS_MOVES = YES;
				CLANG_WARN_UNREACHABLE_CODE = YES;
				CLANG_WARN__DUPLICATE_METHOD_MATCH = YES;
				"CODE_SIGN_IDENTITY[sdk=iphoneos*]" = "iPhone Developer";
				COPY_PHASE_STRIP = NO;
				DEBUG_INFORMATION_FORMAT = "dwarf-with-dsym";
				ENABLE_NS_ASSERTIONS = NO;
				ENABLE_STRICT_OBJC_MSGSEND = YES;
				GCC_C_LANGUAGE_STANDARD = gnu99;
				GCC_NO_COMMON_BLOCKS = YES;
				GCC_WARN_64_TO_32_BIT_CONVERSION = YES;
				GCC_WARN_ABOUT_RETURN_TYPE = YES_ERROR;
				GCC_WARN_UNDECLARED_SELECTOR = YES;
				GCC_WARN_UNINITIALIZED_AUTOS = YES_AGGRESSIVE;
				GCC_WARN_UNUSED_FUNCTION = YES;
				GCC_WARN_UNUSED_VARIABLE = YES;
				IPHONEOS_DEPLOYMENT_TARGET = 10.1;
				MTL_ENABLE_DEBUG_INFO = NO;
				SDKROOT = iphoneos;
				SWIFT_OPTIMIZATION_LEVEL = "-Owholemodule";
				TARGETED_DEVICE_FAMILY = "1,2";
				VALIDATE_PRODUCT = YES;
			};
			name = Release;
		};
		92836A6B1DF5BCA20040B90F /* Debug */ = {
			isa = XCBuildConfiguration;
			baseConfigurationReference = 93C074BC1EB8AD2A6BC4DAE3 /* Pods-BumbleTesting.debug.xcconfig */;
			buildSettings = {
				ALWAYS_EMBED_SWIFT_STANDARD_LIBRARIES = YES;
				ASSETCATALOG_COMPILER_APPICON_NAME = AppIcon;
				DEVELOPMENT_TEAM = 3L37GT3T8D;
				INFOPLIST_FILE = BumbleTesting/Info.plist;
				IPHONEOS_DEPLOYMENT_TARGET = 9.0;
				LD_RUNPATH_SEARCH_PATHS = "$(inherited) @executable_path/Frameworks";
				PRODUCT_BUNDLE_IDENTIFIER = buttholio.BumbleTesting;
				PRODUCT_NAME = "$(TARGET_NAME)";
				SWIFT_VERSION = 3.0;
			};
			name = Debug;
		};
		92836A6C1DF5BCA20040B90F /* Release */ = {
			isa = XCBuildConfiguration;
			baseConfigurationReference = C0212F2D5C73850721D35C32 /* Pods-BumbleTesting.release.xcconfig */;
			buildSettings = {
				ALWAYS_EMBED_SWIFT_STANDARD_LIBRARIES = YES;
				ASSETCATALOG_COMPILER_APPICON_NAME = AppIcon;
				DEVELOPMENT_TEAM = 3L37GT3T8D;
				INFOPLIST_FILE = BumbleTesting/Info.plist;
				IPHONEOS_DEPLOYMENT_TARGET = 9.0;
				LD_RUNPATH_SEARCH_PATHS = "$(inherited) @executable_path/Frameworks";
				PRODUCT_BUNDLE_IDENTIFIER = buttholio.BumbleTesting;
				PRODUCT_NAME = "$(TARGET_NAME)";
				SWIFT_VERSION = 3.0;
			};
			name = Release;
		};
/* End XCBuildConfiguration section */

/* Begin XCConfigurationList section */
		92836A531DF5BCA10040B90F /* Build configuration list for PBXProject "BumbleTesting" */ = {
			isa = XCConfigurationList;
			buildConfigurations = (
				92836A681DF5BCA20040B90F /* Debug */,
				92836A691DF5BCA20040B90F /* Release */,
			);
			defaultConfigurationIsVisible = 0;
			defaultConfigurationName = Release;
		};
		92836A6A1DF5BCA20040B90F /* Build configuration list for PBXNativeTarget "BumbleTesting" */ = {
			isa = XCConfigurationList;
			buildConfigurations = (
				92836A6B1DF5BCA20040B90F /* Debug */,
				92836A6C1DF5BCA20040B90F /* Release */,
			);
			defaultConfigurationIsVisible = 0;
			defaultConfigurationName = Release;
		};
/* End XCConfigurationList section */
	};
	rootObject = 92836A501DF5BCA10040B90F /* Project object */;
}
